// !$*UTF8*$!
{
	archiveVersion = 1;
	classes = {
	};
	objectVersion = 51;
	objects = {

/* Begin PBXBuildFile section */
		3219550125BE97C4007CF206 /* AppDelegate.swift in Sources */ = {isa = PBXBuildFile; fileRef = 3219550025BE97C4007CF206 /* AppDelegate.swift */; };
		3219550325BE97C4007CF206 /* SceneDelegate.swift in Sources */ = {isa = PBXBuildFile; fileRef = 3219550225BE97C4007CF206 /* SceneDelegate.swift */; };
		3219550525BE97C4007CF206 /* ViewController.swift in Sources */ = {isa = PBXBuildFile; fileRef = 3219550425BE97C4007CF206 /* ViewController.swift */; };
		3219550825BE97C4007CF206 /* Main.storyboard in Resources */ = {isa = PBXBuildFile; fileRef = 3219550625BE97C4007CF206 /* Main.storyboard */; };
		3219550A25BE97C6007CF206 /* Assets.xcassets in Resources */ = {isa = PBXBuildFile; fileRef = 3219550925BE97C6007CF206 /* Assets.xcassets */; };
		3219550D25BE97C6007CF206 /* LaunchScreen.storyboard in Resources */ = {isa = PBXBuildFile; fileRef = 3219550B25BE97C6007CF206 /* LaunchScreen.storyboard */; };
		3219551625BE9A22007CF206 /* GoogleService-Info.plist in Resources */ = {isa = PBXBuildFile; fileRef = 3219551525BE9A22007CF206 /* GoogleService-Info.plist */; };
		32376E2625BEA441009600CC /* RemoteConfigDefaults.plist in Resources */ = {isa = PBXBuildFile; fileRef = 32376E2525BEA441009600CC /* RemoteConfigDefaults.plist */; };
		32376E3925BEAD88009600CC /* LoginViewController.swift in Sources */ = {isa = PBXBuildFile; fileRef = 32376E3825BEAD88009600CC /* LoginViewController.swift */; };
		32376E4225BEC746009600CC /* SignupViewController.swift in Sources */ = {isa = PBXBuildFile; fileRef = 32376E4125BEC746009600CC /* SignupViewController.swift */; };
		A217BA4FB5069A578F45F26C /* Pods_Connecty_Firebase.framework in Frameworks */ = {isa = PBXBuildFile; fileRef = EA38DB3633DC0EDC2E7B3511 /* Pods_Connecty_Firebase.framework */; };
/* End PBXBuildFile section */

/* Begin PBXFileReference section */
		321954FD25BE97C4007CF206 /* Connecty_Firebase.app */ = {isa = PBXFileReference; explicitFileType = wrapper.application; includeInIndex = 0; path = Connecty_Firebase.app; sourceTree = BUILT_PRODUCTS_DIR; };
		3219550025BE97C4007CF206 /* AppDelegate.swift */ = {isa = PBXFileReference; lastKnownFileType = sourcecode.swift; path = AppDelegate.swift; sourceTree = "<group>"; };
		3219550225BE97C4007CF206 /* SceneDelegate.swift */ = {isa = PBXFileReference; lastKnownFileType = sourcecode.swift; path = SceneDelegate.swift; sourceTree = "<group>"; };
		3219550425BE97C4007CF206 /* ViewController.swift */ = {isa = PBXFileReference; lastKnownFileType = sourcecode.swift; path = ViewController.swift; sourceTree = "<group>"; };
		3219550725BE97C4007CF206 /* Base */ = {isa = PBXFileReference; lastKnownFileType = file.storyboard; name = Base; path = Base.lproj/Main.storyboard; sourceTree = "<group>"; };
		3219550925BE97C6007CF206 /* Assets.xcassets */ = {isa = PBXFileReference; lastKnownFileType = folder.assetcatalog; path = Assets.xcassets; sourceTree = "<group>"; };
		3219550C25BE97C6007CF206 /* Base */ = {isa = PBXFileReference; lastKnownFileType = file.storyboard; name = Base; path = Base.lproj/LaunchScreen.storyboard; sourceTree = "<group>"; };
		3219550E25BE97C6007CF206 /* Info.plist */ = {isa = PBXFileReference; lastKnownFileType = text.plist.xml; path = Info.plist; sourceTree = "<group>"; };
		3219551525BE9A22007CF206 /* GoogleService-Info.plist */ = {isa = PBXFileReference; fileEncoding = 4; lastKnownFileType = text.plist.xml; path = "GoogleService-Info.plist"; sourceTree = "<group>"; };
		32376E2525BEA441009600CC /* RemoteConfigDefaults.plist */ = {isa = PBXFileReference; lastKnownFileType = text.plist.xml; path = RemoteConfigDefaults.plist; sourceTree = "<group>"; };
		32376E3825BEAD88009600CC /* LoginViewController.swift */ = {isa = PBXFileReference; lastKnownFileType = sourcecode.swift; path = LoginViewController.swift; sourceTree = "<group>"; };
		32376E4125BEC746009600CC /* SignupViewController.swift */ = {isa = PBXFileReference; lastKnownFileType = sourcecode.swift; path = SignupViewController.swift; sourceTree = "<group>"; };
		A3EA33FE8C5215E373B6DB2E /* Pods-Connecty_Firebase.release.xcconfig */ = {isa = PBXFileReference; includeInIndex = 1; lastKnownFileType = text.xcconfig; name = "Pods-Connecty_Firebase.release.xcconfig"; path = "Target Support Files/Pods-Connecty_Firebase/Pods-Connecty_Firebase.release.xcconfig"; sourceTree = "<group>"; };
		B879F8B20D42460112BCF47B /* Pods-Connecty_Firebase.debug.xcconfig */ = {isa = PBXFileReference; includeInIndex = 1; lastKnownFileType = text.xcconfig; name = "Pods-Connecty_Firebase.debug.xcconfig"; path = "Target Support Files/Pods-Connecty_Firebase/Pods-Connecty_Firebase.debug.xcconfig"; sourceTree = "<group>"; };
		EA38DB3633DC0EDC2E7B3511 /* Pods_Connecty_Firebase.framework */ = {isa = PBXFileReference; explicitFileType = wrapper.framework; includeInIndex = 0; path = Pods_Connecty_Firebase.framework; sourceTree = BUILT_PRODUCTS_DIR; };
/* End PBXFileReference section */

/* Begin PBXFrameworksBuildPhase section */
		321954FA25BE97C4007CF206 /* Frameworks */ = {
			isa = PBXFrameworksBuildPhase;
			buildActionMask = 2147483647;
			files = (
				A217BA4FB5069A578F45F26C /* Pods_Connecty_Firebase.framework in Frameworks */,
			);
			runOnlyForDeploymentPostprocessing = 0;
		};
/* End PBXFrameworksBuildPhase section */

/* Begin PBXGroup section */
		321954F425BE97C4007CF206 = {
			isa = PBXGroup;
			children = (
				321954FF25BE97C4007CF206 /* Connecty_Firebase */,
				321954FE25BE97C4007CF206 /* Products */,
				C023E87D57137F33F9EEC8C5 /* Pods */,
				B8E1A29C619327CE6FBD8800 /* Frameworks */,
			);
			sourceTree = "<group>";
		};
		321954FE25BE97C4007CF206 /* Products */ = {
			isa = PBXGroup;
			children = (
				321954FD25BE97C4007CF206 /* Connecty_Firebase.app */,
			);
			name = Products;
			sourceTree = "<group>";
		};
		321954FF25BE97C4007CF206 /* Connecty_Firebase */ = {
			isa = PBXGroup;
			children = (
				3219551525BE9A22007CF206 /* GoogleService-Info.plist */,
				32376E2525BEA441009600CC /* RemoteConfigDefaults.plist */,
				3219550025BE97C4007CF206 /* AppDelegate.swift */,
				3219550225BE97C4007CF206 /* SceneDelegate.swift */,
				3219550425BE97C4007CF206 /* ViewController.swift */,
				32376E3825BEAD88009600CC /* LoginViewController.swift */,
				32376E4125BEC746009600CC /* SignupViewController.swift */,
				3219550625BE97C4007CF206 /* Main.storyboard */,
				3219550925BE97C6007CF206 /* Assets.xcassets */,
				3219550B25BE97C6007CF206 /* LaunchScreen.storyboard */,
				3219550E25BE97C6007CF206 /* Info.plist */,
			);
			path = Connecty_Firebase;
			sourceTree = "<group>";
		};
		B8E1A29C619327CE6FBD8800 /* Frameworks */ = {
			isa = PBXGroup;
			children = (
				EA38DB3633DC0EDC2E7B3511 /* Pods_Connecty_Firebase.framework */,
			);
			name = Frameworks;
			sourceTree = "<group>";
		};
		C023E87D57137F33F9EEC8C5 /* Pods */ = {
			isa = PBXGroup;
			children = (
				B879F8B20D42460112BCF47B /* Pods-Connecty_Firebase.debug.xcconfig */,
				A3EA33FE8C5215E373B6DB2E /* Pods-Connecty_Firebase.release.xcconfig */,
			);
			path = Pods;
			sourceTree = "<group>";
		};
/* End PBXGroup section */

/* Begin PBXNativeTarget section */
		321954FC25BE97C4007CF206 /* Connecty_Firebase */ = {
			isa = PBXNativeTarget;
			buildConfigurationList = 3219551125BE97C6007CF206 /* Build configuration list for PBXNativeTarget "Connecty_Firebase" */;
			buildPhases = (
				C2D6A5AC8302A5D324057B75 /* [CP] Check Pods Manifest.lock */,
				321954F925BE97C4007CF206 /* Sources */,
				321954FA25BE97C4007CF206 /* Frameworks */,
				321954FB25BE97C4007CF206 /* Resources */,
				CEE96F38DC9176D97C621D85 /* [CP] Embed Pods Frameworks */,
			);
			buildRules = (
			);
			dependencies = (
			);
			name = Connecty_Firebase;
			productName = Connecty_Firebase;
			productReference = 321954FD25BE97C4007CF206 /* Connecty_Firebase.app */;
			productType = "com.apple.product-type.application";
		};
/* End PBXNativeTarget section */

/* Begin PBXProject section */
		321954F525BE97C4007CF206 /* Project object */ = {
			isa = PBXProject;
			attributes = {
				LastSwiftUpdateCheck = 1230;
				LastUpgradeCheck = 1230;
				TargetAttributes = {
					321954FC25BE97C4007CF206 = {
						CreatedOnToolsVersion = 12.3;
					};
				};
			};
			buildConfigurationList = 321954F825BE97C4007CF206 /* Build configuration list for PBXProject "Connecty_Firebase" */;
			compatibilityVersion = "Xcode 9.3";
			developmentRegion = en;
			hasScannedForEncodings = 0;
			knownRegions = (
				en,
				Base,
			);
			mainGroup = 321954F425BE97C4007CF206;
			productRefGroup = 321954FE25BE97C4007CF206 /* Products */;
			projectDirPath = "";
			projectRoot = "";
			targets = (
				321954FC25BE97C4007CF206 /* Connecty_Firebase */,
			);
		};
/* End PBXProject section */

/* Begin PBXResourcesBuildPhase section */
		321954FB25BE97C4007CF206 /* Resources */ = {
			isa = PBXResourcesBuildPhase;
			buildActionMask = 2147483647;
			files = (
				3219550D25BE97C6007CF206 /* LaunchScreen.storyboard in Resources */,
				32376E2625BEA441009600CC /* RemoteConfigDefaults.plist in Resources */,
				3219551625BE9A22007CF206 /* GoogleService-Info.plist in Resources */,
				3219550A25BE97C6007CF206 /* Assets.xcassets in Resources */,
				3219550825BE97C4007CF206 /* Main.storyboard in Resources */,
			);
			runOnlyForDeploymentPostprocessing = 0;
		};
/* End PBXResourcesBuildPhase section */

/* Begin PBXShellScriptBuildPhase section */
		C2D6A5AC8302A5D324057B75 /* [CP] Check Pods Manifest.lock */ = {
			isa = PBXShellScriptBuildPhase;
			buildActionMask = 2147483647;
			files = (
			);
			inputFileListPaths = (
			);
			inputPaths = (
				"${PODS_PODFILE_DIR_PATH}/Podfile.lock",
				"${PODS_ROOT}/Manifest.lock",
			);
			name = "[CP] Check Pods Manifest.lock";
			outputFileListPaths = (
			);
			outputPaths = (
				"$(DERIVED_FILE_DIR)/Pods-Connecty_Firebase-checkManifestLockResult.txt",
			);
			runOnlyForDeploymentPostprocessing = 0;
			shellPath = /bin/sh;
			shellScript = "diff \"${PODS_PODFILE_DIR_PATH}/Podfile.lock\" \"${PODS_ROOT}/Manifest.lock\" > /dev/null\nif [ $? != 0 ] ; then\n    # print error to STDERR\n    echo \"error: The sandbox is not in sync with the Podfile.lock. Run 'pod install' or update your CocoaPods installation.\" >&2\n    exit 1\nfi\n# This output is used by Xcode 'outputs' to avoid re-running this script phase.\necho \"SUCCESS\" > \"${SCRIPT_OUTPUT_FILE_0}\"\n";
			showEnvVarsInLog = 0;
		};
		CEE96F38DC9176D97C621D85 /* [CP] Embed Pods Frameworks */ = {
			isa = PBXShellScriptBuildPhase;
			buildActionMask = 2147483647;
			files = (
			);
			inputFileListPaths = (
				"${PODS_ROOT}/Target Support Files/Pods-Connecty_Firebase/Pods-Connecty_Firebase-frameworks-${CONFIGURATION}-input-files.xcfilelist",
			);
			name = "[CP] Embed Pods Frameworks";
			outputFileListPaths = (
				"${PODS_ROOT}/Target Support Files/Pods-Connecty_Firebase/Pods-Connecty_Firebase-frameworks-${CONFIGURATION}-output-files.xcfilelist",
			);
			runOnlyForDeploymentPostprocessing = 0;
			shellPath = /bin/sh;
			shellScript = "\"${PODS_ROOT}/Target Support Files/Pods-Connecty_Firebase/Pods-Connecty_Firebase-frameworks.sh\"\n";
			showEnvVarsInLog = 0;
		};
/* End PBXShellScriptBuildPhase section */

/* Begin PBXSourcesBuildPhase section */
		321954F925BE97C4007CF206 /* Sources */ = {
			isa = PBXSourcesBuildPhase;
			buildActionMask = 2147483647;
			files = (
				32376E3925BEAD88009600CC /* LoginViewController.swift in Sources */,
				3219550525BE97C4007CF206 /* ViewController.swift in Sources */,
				32376E4225BEC746009600CC /* SignupViewController.swift in Sources */,
				3219550125BE97C4007CF206 /* AppDelegate.swift in Sources */,
				3219550325BE97C4007CF206 /* SceneDelegate.swift in Sources */,
			);
			runOnlyForDeploymentPostprocessing = 0;
		};
/* End PBXSourcesBuildPhase section */

/* Begin PBXVariantGroup section */
		3219550625BE97C4007CF206 /* Main.storyboard */ = {
			isa = PBXVariantGroup;
			children = (
				3219550725BE97C4007CF206 /* Base */,
			);
			name = Main.storyboard;
			sourceTree = "<group>";
		};
		3219550B25BE97C6007CF206 /* LaunchScreen.storyboard */ = {
			isa = PBXVariantGroup;
			children = (
				3219550C25BE97C6007CF206 /* Base */,
			);
			name = LaunchScreen.storyboard;
			sourceTree = "<group>";
		};
/* End PBXVariantGroup section */

/* Begin XCBuildConfiguration section */
		3219550F25BE97C6007CF206 /* Debug */ = {
			isa = XCBuildConfiguration;
			buildSettings = {
				ALWAYS_SEARCH_USER_PATHS = NO;
				CLANG_ANALYZER_NONNULL = YES;
				CLANG_ANALYZER_NUMBER_OBJECT_CONVERSION = YES_AGGRESSIVE;
				CLANG_CXX_LANGUAGE_STANDARD = "gnu++14";
				CLANG_CXX_LIBRARY = "libc++";
				CLANG_ENABLE_MODULES = YES;
				CLANG_ENABLE_OBJC_ARC = YES;
				CLANG_ENABLE_OBJC_WEAK = YES;
				CLANG_WARN_BLOCK_CAPTURE_AUTORELEASING = YES;
				CLANG_WARN_BOOL_CONVERSION = YES;
				CLANG_WARN_COMMA = YES;
				CLANG_WARN_CONSTANT_CONVERSION = YES;
				CLANG_WARN_DEPRECATED_OBJC_IMPLEMENTATIONS = YES;
				CLANG_WARN_DIRECT_OBJC_ISA_USAGE = YES_ERROR;
				CLANG_WARN_DOCUMENTATION_COMMENTS = YES;
				CLANG_WARN_EMPTY_BODY = YES;
				CLANG_WARN_ENUM_CONVERSION = YES;
				CLANG_WARN_INFINITE_RECURSION = YES;
				CLANG_WARN_INT_CONVERSION = YES;
				CLANG_WARN_NON_LITERAL_NULL_CONVERSION = YES;
				CLANG_WARN_OBJC_IMPLICIT_RETAIN_SELF = YES;
				CLANG_WARN_OBJC_LITERAL_CONVERSION = YES;
				CLANG_WARN_OBJC_ROOT_CLASS = YES_ERROR;
				CLANG_WARN_QUOTED_INCLUDE_IN_FRAMEWORK_HEADER = YES;
				CLANG_WARN_RANGE_LOOP_ANALYSIS = YES;
				CLANG_WARN_STRICT_PROTOTYPES = YES;
				CLANG_WARN_SUSPICIOUS_MOVE = YES;
				CLANG_WARN_UNGUARDED_AVAILABILITY = YES_AGGRESSIVE;
				CLANG_WARN_UNREACHABLE_CODE = YES;
				CLANG_WARN__DUPLICATE_METHOD_MATCH = YES;
				COPY_PHASE_STRIP = NO;
				DEBUG_INFORMATION_FORMAT = dwarf;
				ENABLE_STRICT_OBJC_MSGSEND = YES;
				ENABLE_TESTABILITY = YES;
				GCC_C_LANGUAGE_STANDARD = gnu11;
				GCC_DYNAMIC_NO_PIC = NO;
				GCC_NO_COMMON_BLOCKS = YES;
				GCC_OPTIMIZATION_LEVEL = 0;
				GCC_PREPROCESSOR_DEFINITIONS = (
					"DEBUG=1",
					"$(inherited)",
				);
				GCC_WARN_64_TO_32_BIT_CONVERSION = YES;
				GCC_WARN_ABOUT_RETURN_TYPE = YES_ERROR;
				GCC_WARN_UNDECLARED_SELECTOR = YES;
				GCC_WARN_UNINITIALIZED_AUTOS = YES_AGGRESSIVE;
				GCC_WARN_UNUSED_FUNCTION = YES;
				GCC_WARN_UNUSED_VARIABLE = YES;
				IPHONEOS_DEPLOYMENT_TARGET = 14.3;
				MTL_ENABLE_DEBUG_INFO = INCLUDE_SOURCE;
				MTL_FAST_MATH = YES;
				ONLY_ACTIVE_ARCH = YES;
				SDKROOT = iphoneos;
				SWIFT_ACTIVE_COMPILATION_CONDITIONS = DEBUG;
				SWIFT_OPTIMIZATION_LEVEL = "-Onone";
			};
			name = Debug;
		};
		3219551025BE97C6007CF206 /* Release */ = {
			isa = XCBuildConfiguration;
			buildSettings = {
				ALWAYS_SEARCH_USER_PATHS = NO;
				CLANG_ANALYZER_NONNULL = YES;
				CLANG_ANALYZER_NUMBER_OBJECT_CONVERSION = YES_AGGRESSIVE;
				CLANG_CXX_LANGUAGE_STANDARD = "gnu++14";
				CLANG_CXX_LIBRARY = "libc++";
				CLANG_ENABLE_MODULES = YES;
				CLANG_ENABLE_OBJC_ARC = YES;
				CLANG_ENABLE_OBJC_WEAK = YES;
				CLANG_WARN_BLOCK_CAPTURE_AUTORELEASING = YES;
				CLANG_WARN_BOOL_CONVERSION = YES;
				CLANG_WARN_COMMA = YES;
				CLANG_WARN_CONSTANT_CONVERSION = YES;
				CLANG_WARN_DEPRECATED_OBJC_IMPLEMENTATIONS = YES;
				CLANG_WARN_DIRECT_OBJC_ISA_USAGE = YES_ERROR;
				CLANG_WARN_DOCUMENTATION_COMMENTS = YES;
				CLANG_WARN_EMPTY_BODY = YES;
				CLANG_WARN_ENUM_CONVERSION = YES;
				CLANG_WARN_INFINITE_RECURSION = YES;
				CLANG_WARN_INT_CONVERSION = YES;
				CLANG_WARN_NON_LITERAL_NULL_CONVERSION = YES;
				CLANG_WARN_OBJC_IMPLICIT_RETAIN_SELF = YES;
				CLANG_WARN_OBJC_LITERAL_CONVERSION = YES;
				CLANG_WARN_OBJC_ROOT_CLASS = YES_ERROR;
				CLANG_WARN_QUOTED_INCLUDE_IN_FRAMEWORK_HEADER = YES;
				CLANG_WARN_RANGE_LOOP_ANALYSIS = YES;
				CLANG_WARN_STRICT_PROTOTYPES = YES;
				CLANG_WARN_SUSPICIOUS_MOVE = YES;
				CLANG_WARN_UNGUARDED_AVAILABILITY = YES_AGGRESSIVE;
				CLANG_WARN_UNREACHABLE_CODE = YES;
				CLANG_WARN__DUPLICATE_METHOD_MATCH = YES;
				COPY_PHASE_STRIP = NO;
				DEBUG_INFORMATION_FORMAT = "dwarf-with-dsym";
				ENABLE_NS_ASSERTIONS = NO;
				ENABLE_STRICT_OBJC_MSGSEND = YES;
				GCC_C_LANGUAGE_STANDARD = gnu11;
				GCC_NO_COMMON_BLOCKS = YES;
				GCC_WARN_64_TO_32_BIT_CONVERSION = YES;
				GCC_WARN_ABOUT_RETURN_TYPE = YES_ERROR;
				GCC_WARN_UNDECLARED_SELECTOR = YES;
				GCC_WARN_UNINITIALIZED_AUTOS = YES_AGGRESSIVE;
				GCC_WARN_UNUSED_FUNCTION = YES;
				GCC_WARN_UNUSED_VARIABLE = YES;
				IPHONEOS_DEPLOYMENT_TARGET = 14.3;
				MTL_ENABLE_DEBUG_INFO = NO;
				MTL_FAST_MATH = YES;
				SDKROOT = iphoneos;
				SWIFT_COMPILATION_MODE = wholemodule;
				SWIFT_OPTIMIZATION_LEVEL = "-O";
				VALIDATE_PRODUCT = YES;
			};
			name = Release;
		};
		3219551225BE97C6007CF206 /* Debug */ = {
			isa = XCBuildConfiguration;
			baseConfigurationReference = B879F8B20D42460112BCF47B /* Pods-Connecty_Firebase.debug.xcconfig */;
			buildSettings = {
				ASSETCATALOG_COMPILER_APPICON_NAME = AppIcon;
				ASSETCATALOG_COMPILER_GLOBAL_ACCENT_COLOR_NAME = AccentColor;
				CODE_SIGN_STYLE = Automatic;
				DEVELOPMENT_TEAM = 2W6GT9L26B;
				INFOPLIST_FILE = Connecty_Firebase/Info.plist;
				LD_RUNPATH_SEARCH_PATHS = (
					"$(inherited)",
					"@executable_path/Frameworks",
				);
				PRODUCT_BUNDLE_IDENTIFIER = "com.firebasetest.Connecty-Firebase";
				PRODUCT_NAME = "$(TARGET_NAME)";
				SWIFT_VERSION = 5.0;
				TARGETED_DEVICE_FAMILY = "1,2";
			};
			name = Debug;
		};
		3219551325BE97C6007CF206 /* Release */ = {
			isa = XCBuildConfiguration;
			baseConfigurationReference = A3EA33FE8C5215E373B6DB2E /* Pods-Connecty_Firebase.release.xcconfig */;
			buildSettings = {
				ASSETCATALOG_COMPILER_APPICON_NAME = AppIcon;
				ASSETCATALOG_COMPILER_GLOBAL_ACCENT_COLOR_NAME = AccentColor;
				CODE_SIGN_STYLE = Automatic;
				DEVELOPMENT_TEAM = 2W6GT9L26B;
				INFOPLIST_FILE = Connecty_Firebase/Info.plist;
				LD_RUNPATH_SEARCH_PATHS = (
					"$(inherited)",
					"@executable_path/Frameworks",
				);
				PRODUCT_BUNDLE_IDENTIFIER = "com.firebasetest.Connecty-Firebase";
				PRODUCT_NAME = "$(TARGET_NAME)";
				SWIFT_VERSION = 5.0;
				TARGETED_DEVICE_FAMILY = "1,2";
			};
			name = Release;
		};
/* End XCBuildConfiguration section */

/* Begin XCConfigurationList section */
		321954F825BE97C4007CF206 /* Build configuration list for PBXProject "Connecty_Firebase" */ = {
			isa = XCConfigurationList;
			buildConfigurations = (
				3219550F25BE97C6007CF206 /* Debug */,
				3219551025BE97C6007CF206 /* Release */,
			);
			defaultConfigurationIsVisible = 0;
			defaultConfigurationName = Release;
		};
		3219551125BE97C6007CF206 /* Build configuration list for PBXNativeTarget "Connecty_Firebase" */ = {
			isa = XCConfigurationList;
			buildConfigurations = (
				3219551225BE97C6007CF206 /* Debug */,
				3219551325BE97C6007CF206 /* Release */,
			);
			defaultConfigurationIsVisible = 0;
			defaultConfigurationName = Release;
		};
/* End XCConfigurationList section */
	};
	rootObject = 321954F525BE97C4007CF206 /* Project object */;
}
